# THIS IS AN AUTOGENERATED FILE. DO NOT EDIT THIS FILE DIRECTLY.
# yarn lockfile v1


"@types/chrome@^0.0.145":
  version "0.0.145"
  resolved "https://registry.yarnpkg.com/@types/chrome/-/chrome-0.0.145.tgz#6c53ae0af5f25350b07bfd24cf459b5fe65cd9b8"
  integrity sha512-vLvTMmfc8mvwOZzkmn2UwlWSNu0t0txBkyuIv8NgihRkvFCe6XJX65YZAgAP/RdBit3enhU2GTxCr+prn4uZmA==
  dependencies:
    "@types/filesystem" "*"
    "@types/har-format" "*"

"@types/filesystem@*":
  version "0.0.31"
  resolved "https://registry.yarnpkg.com/@types/filesystem/-/filesystem-0.0.31.tgz#121a1ded274a2dc731d5e0d90163a920ad6a9ef1"
  integrity sha512-9Dj1Gb7ZhknhJ8J1H/lTQrEorwIHWZlO9Tfi0WMrvyO1+2GUIUF8Sg4zrID77hj0ywArzQRJ1MwlT9H7c9QmEQ==
  dependencies:
    "@types/filewriter" "*"

"@types/filewriter@*":
  version "0.0.29"
  resolved "https://registry.yarnpkg.com/@types/filewriter/-/filewriter-0.0.29.tgz#a48795ecadf957f6c0d10e0c34af86c098fa5bee"
  integrity sha512-BsPXH/irW0ht0Ji6iw/jJaK8Lj3FJemon2gvEqHKpCdDCeemHa+rI3WBGq5z7cDMZgoLjY40oninGxqk+8NzNQ==

"@types/har-format@*":
  version "1.2.6"
  resolved "https://registry.yarnpkg.com/@types/har-format/-/har-format-1.2.6.tgz#471c83acdf6a2ea429620daee4c6dc1784a0e85f"
  integrity sha512-TeZjp4COiAWPOeGx1tuFJETr/SBMx80lxqeqnCC36ZVn463f7ElCdA3X9RzDuo3BHjhN4apw41A5uoIw5FzgWA==
